// !$*UTF8*$!
{
	archiveVersion = 1;
	classes = {
	};
	objectVersion = 46;
	objects = {

/* Begin PBXBuildFile section */
		751886B91D3633520029B2C7 /* NSObject+Coding.m in Sources */ = {isa = PBXBuildFile; fileRef = 751886B81D3633520029B2C7 /* NSObject+Coding.m */; };
		751886BD1D36529E0029B2C7 /* NSObject+DBCreate.m in Sources */ = {isa = PBXBuildFile; fileRef = 75744E551CE9C17700D76B91 /* NSObject+DBCreate.m */; };
		751886C01D367A370029B2C7 /* NSObject+ModelToDictionary.m in Sources */ = {isa = PBXBuildFile; fileRef = 751886BF1D367A370029B2C7 /* NSObject+ModelToDictionary.m */; };
		751886C21D367DEB0029B2C7 /* 2.jpg in Resources */ = {isa = PBXBuildFile; fileRef = 751886C11D367DEB0029B2C7 /* 2.jpg */; };
		751A538A1CDB38F70074B592 /* PersonModel.m in Sources */ = {isa = PBXBuildFile; fileRef = 751A53891CDB38F70074B592 /* PersonModel.m */; };
		751A538D1CDB3F730074B592 /* DogModel.m in Sources */ = {isa = PBXBuildFile; fileRef = 751A538C1CDB3F730074B592 /* DogModel.m */; };
		7525D5261CE31DB9002F8153 /* DBPropertyCache.m in Sources */ = {isa = PBXBuildFile; fileRef = 7525D5211CE31DB9002F8153 /* DBPropertyCache.m */; };
		7525D5271CE31DB9002F8153 /* NSObject+DBClass.m in Sources */ = {isa = PBXBuildFile; fileRef = 7525D5231CE31DB9002F8153 /* NSObject+DBClass.m */; };
		7525D5281CE31DB9002F8153 /* NSObject+DBPropertys.m in Sources */ = {isa = PBXBuildFile; fileRef = 7525D5251CE31DB9002F8153 /* NSObject+DBPropertys.m */; };
		7525D52B1CE31DF2002F8153 /* DBProperty.m in Sources */ = {isa = PBXBuildFile; fileRef = 7525D52A1CE31DF2002F8153 /* DBProperty.m */; };
		754D40541CEB1F56005C7136 /* NSObject+DBSearch.m in Sources */ = {isa = PBXBuildFile; fileRef = 754D40531CEB1F56005C7136 /* NSObject+DBSearch.m */; };
		75728EC71CE5B93D006D60FF /* NSString+DBModel.m in Sources */ = {isa = PBXBuildFile; fileRef = 75728EC61CE5B93D006D60FF /* NSString+DBModel.m */; };
		75744E4F1CE9752700D76B91 /* NSDate+DBModel.m in Sources */ = {isa = PBXBuildFile; fileRef = 75744E4E1CE9752700D76B91 /* NSDate+DBModel.m */; };
		75744E5F1CE9C17700D76B91 /* NSObject+DBCreate.m in Sources */ = {isa = PBXBuildFile; fileRef = 75744E551CE9C17700D76B91 /* NSObject+DBCreate.m */; };
		75744E601CE9C17700D76B91 /* NSObject+DBInsert.m in Sources */ = {isa = PBXBuildFile; fileRef = 75744E571CE9C17700D76B91 /* NSObject+DBInsert.m */; };
		75744E611CE9C17700D76B91 /* NSObject+DBProtocol.m in Sources */ = {isa = PBXBuildFile; fileRef = 75744E591CE9C17700D76B91 /* NSObject+DBProtocol.m */; };
		75744E621CE9C17700D76B91 /* DBDatabaseQueue.m in Sources */ = {isa = PBXBuildFile; fileRef = 75744E5C1CE9C17700D76B91 /* DBDatabaseQueue.m */; };
		75744E631CE9C17700D76B91 /* NSObject+DbObject.m in Sources */ = {isa = PBXBuildFile; fileRef = 75744E5E1CE9C17700D76B91 /* NSObject+DbObject.m */; };
		759DCAC41D3E14E2006B0562 /* QQFileHandler.m in Sources */ = {isa = PBXBuildFile; fileRef = 759DCAC31D3E14E2006B0562 /* QQFileHandler.m */; };
		75B3EC101D349240000809F0 /* BookModel.m in Sources */ = {isa = PBXBuildFile; fileRef = 75B3EC0F1D349240000809F0 /* BookModel.m */; };
		75B3EC161D34E282000809F0 /* NSArray+DBModel.m in Sources */ = {isa = PBXBuildFile; fileRef = 75B3EC151D34E282000809F0 /* NSArray+DBModel.m */; };
		75D185101CEC03230037CD5F /* NSObject+Copying.m in Sources */ = {isa = PBXBuildFile; fileRef = 75D1850F1CEC03230037CD5F /* NSObject+Copying.m */; };
		75F6328A1CBF977E00CB8460 /* main.m in Sources */ = {isa = PBXBuildFile; fileRef = 75F632891CBF977E00CB8460 /* main.m */; };
		75F6328D1CBF977E00CB8460 /* AppDelegate.m in Sources */ = {isa = PBXBuildFile; fileRef = 75F6328C1CBF977E00CB8460 /* AppDelegate.m */; };
		75F632901CBF977E00CB8460 /* ViewController.m in Sources */ = {isa = PBXBuildFile; fileRef = 75F6328F1CBF977E00CB8460 /* ViewController.m */; };
		75F632931CBF977E00CB8460 /* Main.storyboard in Resources */ = {isa = PBXBuildFile; fileRef = 75F632911CBF977E00CB8460 /* Main.storyboard */; };
		75F632961CBF977E00CB8460 /* QQDBManager.xcdatamodeld in Sources */ = {isa = PBXBuildFile; fileRef = 75F632941CBF977E00CB8460 /* QQDBManager.xcdatamodeld */; };
		75F632981CBF977E00CB8460 /* Assets.xcassets in Resources */ = {isa = PBXBuildFile; fileRef = 75F632971CBF977E00CB8460 /* Assets.xcassets */; };
		75F6329B1CBF977E00CB8460 /* LaunchScreen.storyboard in Resources */ = {isa = PBXBuildFile; fileRef = 75F632991CBF977E00CB8460 /* LaunchScreen.storyboard */; };
		75F632A61CBF977E00CB8460 /* QQDBManagerTests.m in Sources */ = {isa = PBXBuildFile; fileRef = 75F632A51CBF977E00CB8460 /* QQDBManagerTests.m */; };
		75F632B11CBF977E00CB8460 /* QQDBManagerUITests.m in Sources */ = {isa = PBXBuildFile; fileRef = 75F632B01CBF977E00CB8460 /* QQDBManagerUITests.m */; };
		AEB05C68115E4BF880A592DE /* Pods_QQDBManager.framework in Frameworks */ = {isa = PBXBuildFile; fileRef = F541C11439A7AA725D4929D6 /* Pods_QQDBManager.framework */; };
/* End PBXBuildFile section */

/* Begin PBXContainerItemProxy section */
		75F632A21CBF977E00CB8460 /* PBXContainerItemProxy */ = {
			isa = PBXContainerItemProxy;
			containerPortal = 75F6327D1CBF977E00CB8460 /* Project object */;
			proxyType = 1;
			remoteGlobalIDString = 75F632841CBF977E00CB8460;
			remoteInfo = QQDBManager;
		};
		75F632AD1CBF977E00CB8460 /* PBXContainerItemProxy */ = {
			isa = PBXContainerItemProxy;
			containerPortal = 75F6327D1CBF977E00CB8460 /* Project object */;
			proxyType = 1;
			remoteGlobalIDString = 75F632841CBF977E00CB8460;
			remoteInfo = QQDBManager;
		};
/* End PBXContainerItemProxy section */

/* Begin PBXFileReference section */
		751886B71D3633520029B2C7 /* NSObject+Coding.h */ = {isa = PBXFileReference; fileEncoding = 4; lastKnownFileType = sourcecode.c.h; path = "NSObject+Coding.h"; sourceTree = "<group>"; };
		751886B81D3633520029B2C7 /* NSObject+Coding.m */ = {isa = PBXFileReference; fileEncoding = 4; lastKnownFileType = sourcecode.c.objc; path = "NSObject+Coding.m"; sourceTree = "<group>"; };
		751886BE1D367A370029B2C7 /* NSObject+ModelToDictionary.h */ = {isa = PBXFileReference; fileEncoding = 4; lastKnownFileType = sourcecode.c.h; path = "NSObject+ModelToDictionary.h"; sourceTree = "<group>"; };
		751886BF1D367A370029B2C7 /* NSObject+ModelToDictionary.m */ = {isa = PBXFileReference; fileEncoding = 4; lastKnownFileType = sourcecode.c.objc; path = "NSObject+ModelToDictionary.m"; sourceTree = "<group>"; };
		751886C11D367DEB0029B2C7 /* 2.jpg */ = {isa = PBXFileReference; lastKnownFileType = image.jpeg; path = 2.jpg; sourceTree = "<group>"; };
		751A53881CDB38F70074B592 /* PersonModel.h */ = {isa = PBXFileReference; fileEncoding = 4; lastKnownFileType = sourcecode.c.h; path = PersonModel.h; sourceTree = "<group>"; };
		751A53891CDB38F70074B592 /* PersonModel.m */ = {isa = PBXFileReference; fileEncoding = 4; lastKnownFileType = sourcecode.c.objc; path = PersonModel.m; sourceTree = "<group>"; };
		751A538B1CDB3F730074B592 /* DogModel.h */ = {isa = PBXFileReference; fileEncoding = 4; lastKnownFileType = sourcecode.c.h; path = DogModel.h; sourceTree = "<group>"; };
		751A538C1CDB3F730074B592 /* DogModel.m */ = {isa = PBXFileReference; fileEncoding = 4; lastKnownFileType = sourcecode.c.objc; path = DogModel.m; sourceTree = "<group>"; };
		751A53EF1CDC7DDD0074B592 /* DBDefine.h */ = {isa = PBXFileReference; fileEncoding = 4; lastKnownFileType = sourcecode.c.h; path = DBDefine.h; sourceTree = "<group>"; };
		751A53F01CDC7DDD0074B592 /* DBModel.h */ = {isa = PBXFileReference; fileEncoding = 4; lastKnownFileType = sourcecode.c.h; path = DBModel.h; sourceTree = "<group>"; };
		7525D5201CE31DB9002F8153 /* DBPropertyCache.h */ = {isa = PBXFileReference; fileEncoding = 4; lastKnownFileType = sourcecode.c.h; path = DBPropertyCache.h; sourceTree = "<group>"; };
		7525D5211CE31DB9002F8153 /* DBPropertyCache.m */ = {isa = PBXFileReference; fileEncoding = 4; lastKnownFileType = sourcecode.c.objc; path = DBPropertyCache.m; sourceTree = "<group>"; };
		7525D5221CE31DB9002F8153 /* NSObject+DBClass.h */ = {isa = PBXFileReference; fileEncoding = 4; lastKnownFileType = sourcecode.c.h; path = "NSObject+DBClass.h"; sourceTree = "<group>"; };
		7525D5231CE31DB9002F8153 /* NSObject+DBClass.m */ = {isa = PBXFileReference; fileEncoding = 4; lastKnownFileType = sourcecode.c.objc; path = "NSObject+DBClass.m"; sourceTree = "<group>"; };
		7525D5241CE31DB9002F8153 /* NSObject+DBPropertys.h */ = {isa = PBXFileReference; fileEncoding = 4; lastKnownFileType = sourcecode.c.h; path = "NSObject+DBPropertys.h"; sourceTree = "<group>"; };
		7525D5251CE31DB9002F8153 /* NSObject+DBPropertys.m */ = {isa = PBXFileReference; fileEncoding = 4; lastKnownFileType = sourcecode.c.objc; path = "NSObject+DBPropertys.m"; sourceTree = "<group>"; };
		7525D5291CE31DF2002F8153 /* DBProperty.h */ = {isa = PBXFileReference; fileEncoding = 4; lastKnownFileType = sourcecode.c.h; path = DBProperty.h; sourceTree = "<group>"; };
		7525D52A1CE31DF2002F8153 /* DBProperty.m */ = {isa = PBXFileReference; fileEncoding = 4; lastKnownFileType = sourcecode.c.objc; path = DBProperty.m; sourceTree = "<group>"; };
		754D40521CEB1F56005C7136 /* NSObject+DBSearch.h */ = {isa = PBXFileReference; fileEncoding = 4; lastKnownFileType = sourcecode.c.h; path = "NSObject+DBSearch.h"; sourceTree = "<group>"; };
		754D40531CEB1F56005C7136 /* NSObject+DBSearch.m */ = {isa = PBXFileReference; fileEncoding = 4; lastKnownFileType = sourcecode.c.objc; path = "NSObject+DBSearch.m"; sourceTree = "<group>"; };
		75728EC51CE5B93D006D60FF /* NSString+DBModel.h */ = {isa = PBXFileReference; fileEncoding = 4; lastKnownFileType = sourcecode.c.h; path = "NSString+DBModel.h"; sourceTree = "<group>"; };
		75728EC61CE5B93D006D60FF /* NSString+DBModel.m */ = {isa = PBXFileReference; fileEncoding = 4; lastKnownFileType = sourcecode.c.objc; path = "NSString+DBModel.m"; sourceTree = "<group>"; };
		75744E4D1CE9752700D76B91 /* NSDate+DBModel.h */ = {isa = PBXFileReference; fileEncoding = 4; lastKnownFileType = sourcecode.c.h; path = "NSDate+DBModel.h"; sourceTree = "<group>"; };
		75744E4E1CE9752700D76B91 /* NSDate+DBModel.m */ = {isa = PBXFileReference; fileEncoding = 4; lastKnownFileType = sourcecode.c.objc; path = "NSDate+DBModel.m"; sourceTree = "<group>"; };
		75744E541CE9C17700D76B91 /* NSObject+DBCreate.h */ = {isa = PBXFileReference; fileEncoding = 4; lastKnownFileType = sourcecode.c.h; path = "NSObject+DBCreate.h"; sourceTree = "<group>"; };
		75744E551CE9C17700D76B91 /* NSObject+DBCreate.m */ = {isa = PBXFileReference; fileEncoding = 4; lastKnownFileType = sourcecode.c.objc; path = "NSObject+DBCreate.m"; sourceTree = "<group>"; };
		75744E561CE9C17700D76B91 /* NSObject+DBInsert.h */ = {isa = PBXFileReference; fileEncoding = 4; lastKnownFileType = sourcecode.c.h; path = "NSObject+DBInsert.h"; sourceTree = "<group>"; };
		75744E571CE9C17700D76B91 /* NSObject+DBInsert.m */ = {isa = PBXFileReference; fileEncoding = 4; lastKnownFileType = sourcecode.c.objc; path = "NSObject+DBInsert.m"; sourceTree = "<group>"; };
		75744E581CE9C17700D76B91 /* NSObject+DBProtocol.h */ = {isa = PBXFileReference; fileEncoding = 4; lastKnownFileType = sourcecode.c.h; path = "NSObject+DBProtocol.h"; sourceTree = "<group>"; };
		75744E591CE9C17700D76B91 /* NSObject+DBProtocol.m */ = {isa = PBXFileReference; fileEncoding = 4; lastKnownFileType = sourcecode.c.objc; path = "NSObject+DBProtocol.m"; sourceTree = "<group>"; };
		75744E5B1CE9C17700D76B91 /* DBDatabaseQueue.h */ = {isa = PBXFileReference; fileEncoding = 4; lastKnownFileType = sourcecode.c.h; path = DBDatabaseQueue.h; sourceTree = "<group>"; };
		75744E5C1CE9C17700D76B91 /* DBDatabaseQueue.m */ = {isa = PBXFileReference; fileEncoding = 4; lastKnownFileType = sourcecode.c.objc; path = DBDatabaseQueue.m; sourceTree = "<group>"; };
		75744E5D1CE9C17700D76B91 /* NSObject+DbObject.h */ = {isa = PBXFileReference; fileEncoding = 4; lastKnownFileType = sourcecode.c.h; path = "NSObject+DbObject.h"; sourceTree = "<group>"; };
		75744E5E1CE9C17700D76B91 /* NSObject+DbObject.m */ = {isa = PBXFileReference; fileEncoding = 4; lastKnownFileType = sourcecode.c.objc; path = "NSObject+DbObject.m"; sourceTree = "<group>"; };
		759DCAC21D3E14E2006B0562 /* QQFileHandler.h */ = {isa = PBXFileReference; fileEncoding = 4; lastKnownFileType = sourcecode.c.h; path = QQFileHandler.h; sourceTree = "<group>"; };
		759DCAC31D3E14E2006B0562 /* QQFileHandler.m */ = {isa = PBXFileReference; fileEncoding = 4; lastKnownFileType = sourcecode.c.objc; path = QQFileHandler.m; sourceTree = "<group>"; };
		75B3EC0E1D349240000809F0 /* BookModel.h */ = {isa = PBXFileReference; fileEncoding = 4; lastKnownFileType = sourcecode.c.h; path = BookModel.h; sourceTree = "<group>"; };
		75B3EC0F1D349240000809F0 /* BookModel.m */ = {isa = PBXFileReference; fileEncoding = 4; lastKnownFileType = sourcecode.c.objc; path = BookModel.m; sourceTree = "<group>"; };
		75B3EC141D34E282000809F0 /* NSArray+DBModel.h */ = {isa = PBXFileReference; fileEncoding = 4; lastKnownFileType = sourcecode.c.h; path = "NSArray+DBModel.h"; sourceTree = "<group>"; };
		75B3EC151D34E282000809F0 /* NSArray+DBModel.m */ = {isa = PBXFileReference; fileEncoding = 4; lastKnownFileType = sourcecode.c.objc; path = "NSArray+DBModel.m"; sourceTree = "<group>"; };
		75D1850E1CEC03230037CD5F /* NSObject+Copying.h */ = {isa = PBXFileReference; fileEncoding = 4; lastKnownFileType = sourcecode.c.h; path = "NSObject+Copying.h"; sourceTree = "<group>"; };
		75D1850F1CEC03230037CD5F /* NSObject+Copying.m */ = {isa = PBXFileReference; fileEncoding = 4; lastKnownFileType = sourcecode.c.objc; path = "NSObject+Copying.m"; sourceTree = "<group>"; };
		75F632851CBF977E00CB8460 /* QQDBManager.app */ = {isa = PBXFileReference; explicitFileType = wrapper.application; includeInIndex = 0; path = QQDBManager.app; sourceTree = BUILT_PRODUCTS_DIR; };
		75F632891CBF977E00CB8460 /* main.m */ = {isa = PBXFileReference; lastKnownFileType = sourcecode.c.objc; path = main.m; sourceTree = "<group>"; };
		75F6328B1CBF977E00CB8460 /* AppDelegate.h */ = {isa = PBXFileReference; lastKnownFileType = sourcecode.c.h; path = AppDelegate.h; sourceTree = "<group>"; };
		75F6328C1CBF977E00CB8460 /* AppDelegate.m */ = {isa = PBXFileReference; lastKnownFileType = sourcecode.c.objc; path = AppDelegate.m; sourceTree = "<group>"; };
		75F6328E1CBF977E00CB8460 /* ViewController.h */ = {isa = PBXFileReference; lastKnownFileType = sourcecode.c.h; path = ViewController.h; sourceTree = "<group>"; };
		75F6328F1CBF977E00CB8460 /* ViewController.m */ = {isa = PBXFileReference; lastKnownFileType = sourcecode.c.objc; path = ViewController.m; sourceTree = "<group>"; };
		75F632921CBF977E00CB8460 /* Base */ = {isa = PBXFileReference; lastKnownFileType = file.storyboard; name = Base; path = Base.lproj/Main.storyboard; sourceTree = "<group>"; };
		75F632951CBF977E00CB8460 /* QQDBManager.xcdatamodel */ = {isa = PBXFileReference; lastKnownFileType = wrapper.xcdatamodel; path = QQDBManager.xcdatamodel; sourceTree = "<group>"; };
		75F632971CBF977E00CB8460 /* Assets.xcassets */ = {isa = PBXFileReference; lastKnownFileType = folder.assetcatalog; path = Assets.xcassets; sourceTree = "<group>"; };
		75F6329A1CBF977E00CB8460 /* Base */ = {isa = PBXFileReference; lastKnownFileType = file.storyboard; name = Base; path = Base.lproj/LaunchScreen.storyboard; sourceTree = "<group>"; };
		75F6329C1CBF977E00CB8460 /* Info.plist */ = {isa = PBXFileReference; lastKnownFileType = text.plist.xml; path = Info.plist; sourceTree = "<group>"; };
		75F632A11CBF977E00CB8460 /* QQDBManagerTests.xctest */ = {isa = PBXFileReference; explicitFileType = wrapper.cfbundle; includeInIndex = 0; path = QQDBManagerTests.xctest; sourceTree = BUILT_PRODUCTS_DIR; };
		75F632A51CBF977E00CB8460 /* QQDBManagerTests.m */ = {isa = PBXFileReference; lastKnownFileType = sourcecode.c.objc; path = QQDBManagerTests.m; sourceTree = "<group>"; };
		75F632A71CBF977E00CB8460 /* Info.plist */ = {isa = PBXFileReference; lastKnownFileType = text.plist.xml; path = Info.plist; sourceTree = "<group>"; };
		75F632AC1CBF977E00CB8460 /* QQDBManagerUITests.xctest */ = {isa = PBXFileReference; explicitFileType = wrapper.cfbundle; includeInIndex = 0; path = QQDBManagerUITests.xctest; sourceTree = BUILT_PRODUCTS_DIR; };
		75F632B01CBF977E00CB8460 /* QQDBManagerUITests.m */ = {isa = PBXFileReference; lastKnownFileType = sourcecode.c.objc; path = QQDBManagerUITests.m; sourceTree = "<group>"; };
		75F632B21CBF977E00CB8460 /* Info.plist */ = {isa = PBXFileReference; lastKnownFileType = text.plist.xml; path = Info.plist; sourceTree = "<group>"; };
		A56078705E2D98AD7F2D2561 /* Pods-QQDBManager.debug.xcconfig */ = {isa = PBXFileReference; includeInIndex = 1; lastKnownFileType = text.xcconfig; name = "Pods-QQDBManager.debug.xcconfig"; path = "Pods/Target Support Files/Pods-QQDBManager/Pods-QQDBManager.debug.xcconfig"; sourceTree = "<group>"; };
		EDDE69C4D99DC32D1A14BD20 /* Pods-QQDBManager.release.xcconfig */ = {isa = PBXFileReference; includeInIndex = 1; lastKnownFileType = text.xcconfig; name = "Pods-QQDBManager.release.xcconfig"; path = "Pods/Target Support Files/Pods-QQDBManager/Pods-QQDBManager.release.xcconfig"; sourceTree = "<group>"; };
		F541C11439A7AA725D4929D6 /* Pods_QQDBManager.framework */ = {isa = PBXFileReference; explicitFileType = wrapper.framework; includeInIndex = 0; path = Pods_QQDBManager.framework; sourceTree = BUILT_PRODUCTS_DIR; };
/* End PBXFileReference section */

/* Begin PBXFrameworksBuildPhase section */
		75F632821CBF977E00CB8460 /* Frameworks */ = {
			isa = PBXFrameworksBuildPhase;
			buildActionMask = 2147483647;
			files = (
				AEB05C68115E4BF880A592DE /* Pods_QQDBManager.framework in Frameworks */,
			);
			runOnlyForDeploymentPostprocessing = 0;
		};
		75F6329E1CBF977E00CB8460 /* Frameworks */ = {
			isa = PBXFrameworksBuildPhase;
			buildActionMask = 2147483647;
			files = (
			);
			runOnlyForDeploymentPostprocessing = 0;
		};
		75F632A91CBF977E00CB8460 /* Frameworks */ = {
			isa = PBXFrameworksBuildPhase;
			buildActionMask = 2147483647;
			files = (
			);
			runOnlyForDeploymentPostprocessing = 0;
		};
/* End PBXFrameworksBuildPhase section */

/* Begin PBXGroup section */
		62DFB3027AE50D104779C6B1 /* Frameworks */ = {
			isa = PBXGroup;
			children = (
				F541C11439A7AA725D4929D6 /* Pods_QQDBManager.framework */,
			);
			name = Frameworks;
			sourceTree = "<group>";
		};
		751A53871CDB38C30074B592 /* Test */ = {
			isa = PBXGroup;
			children = (
				751A53881CDB38F70074B592 /* PersonModel.h */,
				751A53891CDB38F70074B592 /* PersonModel.m */,
				751A538B1CDB3F730074B592 /* DogModel.h */,
				751A538C1CDB3F730074B592 /* DogModel.m */,
				75B3EC0E1D349240000809F0 /* BookModel.h */,
				75B3EC0F1D349240000809F0 /* BookModel.m */,
			);
			path = Test;
			sourceTree = "<group>";
		};
		751A53E91CDC7DDD0074B592 /* DBManeger */ = {
			isa = PBXGroup;
			children = (
				75728EBB1CE5B4D8006D60FF /* Core */,
				7525D51F1CE31DB9002F8153 /* Helper */,
				759DCAC11D3E14E2006B0562 /* FileOperation */,
				751A53F01CDC7DDD0074B592 /* DBModel.h */,
				751A53EF1CDC7DDD0074B592 /* DBDefine.h */,
			);
			path = DBManeger;
			sourceTree = "<group>";
		};
		7525D51F1CE31DB9002F8153 /* Helper */ = {
			isa = PBXGroup;
			children = (
				7525D5291CE31DF2002F8153 /* DBProperty.h */,
				7525D52A1CE31DF2002F8153 /* DBProperty.m */,
				7525D5201CE31DB9002F8153 /* DBPropertyCache.h */,
				7525D5211CE31DB9002F8153 /* DBPropertyCache.m */,
				7525D5221CE31DB9002F8153 /* NSObject+DBClass.h */,
				7525D5231CE31DB9002F8153 /* NSObject+DBClass.m */,
				7525D5241CE31DB9002F8153 /* NSObject+DBPropertys.h */,
				7525D5251CE31DB9002F8153 /* NSObject+DBPropertys.m */,
				75728EC51CE5B93D006D60FF /* NSString+DBModel.h */,
				75728EC61CE5B93D006D60FF /* NSString+DBModel.m */,
				75744E4D1CE9752700D76B91 /* NSDate+DBModel.h */,
				75744E4E1CE9752700D76B91 /* NSDate+DBModel.m */,
				75B3EC141D34E282000809F0 /* NSArray+DBModel.h */,
				75B3EC151D34E282000809F0 /* NSArray+DBModel.m */,
				75D1850E1CEC03230037CD5F /* NSObject+Copying.h */,
				75D1850F1CEC03230037CD5F /* NSObject+Copying.m */,
				751886B71D3633520029B2C7 /* NSObject+Coding.h */,
				751886B81D3633520029B2C7 /* NSObject+Coding.m */,
				751886BE1D367A370029B2C7 /* NSObject+ModelToDictionary.h */,
				751886BF1D367A370029B2C7 /* NSObject+ModelToDictionary.m */,
			);
			path = Helper;
			sourceTree = "<group>";
		};
		75728EBB1CE5B4D8006D60FF /* Core */ = {
			isa = PBXGroup;
			children = (
				75744E5A1CE9C17700D76B91 /* DBQueue */,
				75744E531CE9C17700D76B91 /* DBOperation */,
			);
			path = Core;
			sourceTree = "<group>";
		};
		75744E531CE9C17700D76B91 /* DBOperation */ = {
			isa = PBXGroup;
			children = (
				75744E541CE9C17700D76B91 /* NSObject+DBCreate.h */,
				75744E551CE9C17700D76B91 /* NSObject+DBCreate.m */,
				75744E561CE9C17700D76B91 /* NSObject+DBInsert.h */,
				75744E571CE9C17700D76B91 /* NSObject+DBInsert.m */,
				75744E581CE9C17700D76B91 /* NSObject+DBProtocol.h */,
				75744E591CE9C17700D76B91 /* NSObject+DBProtocol.m */,
				754D40521CEB1F56005C7136 /* NSObject+DBSearch.h */,
				754D40531CEB1F56005C7136 /* NSObject+DBSearch.m */,
			);
			path = DBOperation;
			sourceTree = "<group>";
		};
		75744E5A1CE9C17700D76B91 /* DBQueue */ = {
			isa = PBXGroup;
			children = (
				75744E5B1CE9C17700D76B91 /* DBDatabaseQueue.h */,
				75744E5C1CE9C17700D76B91 /* DBDatabaseQueue.m */,
				75744E5D1CE9C17700D76B91 /* NSObject+DbObject.h */,
				75744E5E1CE9C17700D76B91 /* NSObject+DbObject.m */,
			);
			path = DBQueue;
			sourceTree = "<group>";
		};
		759DCAC11D3E14E2006B0562 /* FileOperation */ = {
			isa = PBXGroup;
			children = (
				759DCAC21D3E14E2006B0562 /* QQFileHandler.h */,
				759DCAC31D3E14E2006B0562 /* QQFileHandler.m */,
			);
			name = FileOperation;
			path = Core/FileOperation;
			sourceTree = "<group>";
		};
		75F6327C1CBF977E00CB8460 = {
			isa = PBXGroup;
			children = (
				75F632871CBF977E00CB8460 /* QQDBManager */,
				75F632A41CBF977E00CB8460 /* QQDBManagerTests */,
				75F632AF1CBF977E00CB8460 /* QQDBManagerUITests */,
				75F632861CBF977E00CB8460 /* Products */,
				C0ACE2084B0A4DED68E2AC56 /* Pods */,
				62DFB3027AE50D104779C6B1 /* Frameworks */,
			);
			sourceTree = "<group>";
		};
		75F632861CBF977E00CB8460 /* Products */ = {
			isa = PBXGroup;
			children = (
				75F632851CBF977E00CB8460 /* QQDBManager.app */,
				75F632A11CBF977E00CB8460 /* QQDBManagerTests.xctest */,
				75F632AC1CBF977E00CB8460 /* QQDBManagerUITests.xctest */,
			);
			name = Products;
			sourceTree = "<group>";
		};
		75F632871CBF977E00CB8460 /* QQDBManager */ = {
			isa = PBXGroup;
			children = (
				751886C11D367DEB0029B2C7 /* 2.jpg */,
				751A53E91CDC7DDD0074B592 /* DBManeger */,
				751A53871CDB38C30074B592 /* Test */,
				75F6328B1CBF977E00CB8460 /* AppDelegate.h */,
				75F6328C1CBF977E00CB8460 /* AppDelegate.m */,
				75F6328E1CBF977E00CB8460 /* ViewController.h */,
				75F6328F1CBF977E00CB8460 /* ViewController.m */,
				75F632911CBF977E00CB8460 /* Main.storyboard */,
				75F632971CBF977E00CB8460 /* Assets.xcassets */,
				75F632991CBF977E00CB8460 /* LaunchScreen.storyboard */,
				75F6329C1CBF977E00CB8460 /* Info.plist */,
				75F632941CBF977E00CB8460 /* QQDBManager.xcdatamodeld */,
				75F632881CBF977E00CB8460 /* Supporting Files */,
			);
			path = QQDBManager;
			sourceTree = "<group>";
		};
		75F632881CBF977E00CB8460 /* Supporting Files */ = {
			isa = PBXGroup;
			children = (
				75F632891CBF977E00CB8460 /* main.m */,
			);
			name = "Supporting Files";
			sourceTree = "<group>";
		};
		75F632A41CBF977E00CB8460 /* QQDBManagerTests */ = {
			isa = PBXGroup;
			children = (
				75F632A51CBF977E00CB8460 /* QQDBManagerTests.m */,
				75F632A71CBF977E00CB8460 /* Info.plist */,
			);
			path = QQDBManagerTests;
			sourceTree = "<group>";
		};
		75F632AF1CBF977E00CB8460 /* QQDBManagerUITests */ = {
			isa = PBXGroup;
			children = (
				75F632B01CBF977E00CB8460 /* QQDBManagerUITests.m */,
				75F632B21CBF977E00CB8460 /* Info.plist */,
			);
			path = QQDBManagerUITests;
			sourceTree = "<group>";
		};
		C0ACE2084B0A4DED68E2AC56 /* Pods */ = {
			isa = PBXGroup;
			children = (
				A56078705E2D98AD7F2D2561 /* Pods-QQDBManager.debug.xcconfig */,
				EDDE69C4D99DC32D1A14BD20 /* Pods-QQDBManager.release.xcconfig */,
			);
			name = Pods;
			sourceTree = "<group>";
		};
/* End PBXGroup section */

/* Begin PBXNativeTarget section */
		75F632841CBF977E00CB8460 /* QQDBManager */ = {
			isa = PBXNativeTarget;
			buildConfigurationList = 75F632B51CBF977E00CB8460 /* Build configuration list for PBXNativeTarget "QQDBManager" */;
			buildPhases = (
				5D9570FEA334DF0097C86872 /* [CP] Check Pods Manifest.lock */,
				75F632811CBF977E00CB8460 /* Sources */,
				75F632821CBF977E00CB8460 /* Frameworks */,
				75F632831CBF977E00CB8460 /* Resources */,
				2316A6C004F06B694545CB45 /* [CP] Embed Pods Frameworks */,
				5E0C7A26DC252E90CD0313AE /* [CP] Copy Pods Resources */,
			);
			buildRules = (
			);
			dependencies = (
			);
			name = QQDBManager;
			productName = QQDBManager;
			productReference = 75F632851CBF977E00CB8460 /* QQDBManager.app */;
			productType = "com.apple.product-type.application";
		};
		75F632A01CBF977E00CB8460 /* QQDBManagerTests */ = {
			isa = PBXNativeTarget;
			buildConfigurationList = 75F632B81CBF977E00CB8460 /* Build configuration list for PBXNativeTarget "QQDBManagerTests" */;
			buildPhases = (
				75F6329D1CBF977E00CB8460 /* Sources */,
				75F6329E1CBF977E00CB8460 /* Frameworks */,
				75F6329F1CBF977E00CB8460 /* Resources */,
			);
			buildRules = (
			);
			dependencies = (
				75F632A31CBF977E00CB8460 /* PBXTargetDependency */,
			);
			name = QQDBManagerTests;
			productName = QQDBManagerTests;
			productReference = 75F632A11CBF977E00CB8460 /* QQDBManagerTests.xctest */;
			productType = "com.apple.product-type.bundle.unit-test";
		};
		75F632AB1CBF977E00CB8460 /* QQDBManagerUITests */ = {
			isa = PBXNativeTarget;
			buildConfigurationList = 75F632BB1CBF977E00CB8460 /* Build configuration list for PBXNativeTarget "QQDBManagerUITests" */;
			buildPhases = (
				75F632A81CBF977E00CB8460 /* Sources */,
				75F632A91CBF977E00CB8460 /* Frameworks */,
				75F632AA1CBF977E00CB8460 /* Resources */,
			);
			buildRules = (
			);
			dependencies = (
				75F632AE1CBF977E00CB8460 /* PBXTargetDependency */,
			);
			name = QQDBManagerUITests;
			productName = QQDBManagerUITests;
			productReference = 75F632AC1CBF977E00CB8460 /* QQDBManagerUITests.xctest */;
			productType = "com.apple.product-type.bundle.ui-testing";
		};
/* End PBXNativeTarget section */

/* Begin PBXProject section */
		75F6327D1CBF977E00CB8460 /* Project object */ = {
			isa = PBXProject;
			attributes = {
				LastUpgradeCheck = 0730;
				ORGANIZATIONNAME = com.tencent.prince;
				TargetAttributes = {
					75F632841CBF977E00CB8460 = {
						CreatedOnToolsVersion = 7.3;
						DevelopmentTeam = LS7LNP2HQS;
					};
					75F632A01CBF977E00CB8460 = {
						CreatedOnToolsVersion = 7.3;
						DevelopmentTeam = LS7LNP2HQS;
						TestTargetID = 75F632841CBF977E00CB8460;
					};
					75F632AB1CBF977E00CB8460 = {
						CreatedOnToolsVersion = 7.3;
						DevelopmentTeam = LS7LNP2HQS;
						TestTargetID = 75F632841CBF977E00CB8460;
					};
				};
			};
			buildConfigurationList = 75F632801CBF977E00CB8460 /* Build configuration list for PBXProject "QQDBManager" */;
			compatibilityVersion = "Xcode 3.2";
			developmentRegion = English;
			hasScannedForEncodings = 0;
			knownRegions = (
				en,
				Base,
			);
			mainGroup = 75F6327C1CBF977E00CB8460;
			productRefGroup = 75F632861CBF977E00CB8460 /* Products */;
			projectDirPath = "";
			projectRoot = "";
			targets = (
				75F632841CBF977E00CB8460 /* QQDBManager */,
				75F632A01CBF977E00CB8460 /* QQDBManagerTests */,
				75F632AB1CBF977E00CB8460 /* QQDBManagerUITests */,
			);
		};
/* End PBXProject section */

/* Begin PBXResourcesBuildPhase section */
		75F632831CBF977E00CB8460 /* Resources */ = {
			isa = PBXResourcesBuildPhase;
			buildActionMask = 2147483647;
			files = (
				75F6329B1CBF977E00CB8460 /* LaunchScreen.storyboard in Resources */,
				75F632981CBF977E00CB8460 /* Assets.xcassets in Resources */,
				751886C21D367DEB0029B2C7 /* 2.jpg in Resources */,
				75F632931CBF977E00CB8460 /* Main.storyboard in Resources */,
			);
			runOnlyForDeploymentPostprocessing = 0;
		};
		75F6329F1CBF977E00CB8460 /* Resources */ = {
			isa = PBXResourcesBuildPhase;
			buildActionMask = 2147483647;
			files = (
			);
			runOnlyForDeploymentPostprocessing = 0;
		};
		75F632AA1CBF977E00CB8460 /* Resources */ = {
			isa = PBXResourcesBuildPhase;
			buildActionMask = 2147483647;
			files = (
			);
			runOnlyForDeploymentPostprocessing = 0;
		};
/* End PBXResourcesBuildPhase section */

/* Begin PBXShellScriptBuildPhase section */
		2316A6C004F06B694545CB45 /* [CP] Embed Pods Frameworks */ = {
			isa = PBXShellScriptBuildPhase;
			buildActionMask = 2147483647;
			files = (
			);
			inputPaths = (
			);
			name = "[CP] Embed Pods Frameworks";
			outputPaths = (
			);
			runOnlyForDeploymentPostprocessing = 0;
			shellPath = /bin/sh;
			shellScript = "\"${SRCROOT}/Pods/Target Support Files/Pods-QQDBManager/Pods-QQDBManager-frameworks.sh\"\n";
			showEnvVarsInLog = 0;
		};
		5D9570FEA334DF0097C86872 /* [CP] Check Pods Manifest.lock */ = {
			isa = PBXShellScriptBuildPhase;
			buildActionMask = 2147483647;
			files = (
			);
			inputPaths = (
			);
			name = "[CP] Check Pods Manifest.lock";
			outputPaths = (
			);
			runOnlyForDeploymentPostprocessing = 0;
			shellPath = /bin/sh;
			shellScript = "diff \"${PODS_ROOT}/../Podfile.lock\" \"${PODS_ROOT}/Manifest.lock\" > /dev/null\nif [ $? != 0 ] ; then\n    # print error to STDERR\n    echo \"error: The sandbox is not in sync with the Podfile.lock. Run 'pod install' or update your CocoaPods installation.\" >&2\n    exit 1\nfi\n";
			showEnvVarsInLog = 0;
		};
		5E0C7A26DC252E90CD0313AE /* [CP] Copy Pods Resources */ = {
			isa = PBXShellScriptBuildPhase;
			buildActionMask = 2147483647;
			files = (
			);
			inputPaths = (
			);
			name = "[CP] Copy Pods Resources";
			outputPaths = (
			);
			runOnlyForDeploymentPostprocessing = 0;
			shellPath = /bin/sh;
			shellScript = "\"${SRCROOT}/Pods/Target Support Files/Pods-QQDBManager/Pods-QQDBManager-resources.sh\"\n";
			showEnvVarsInLog = 0;
		};
/* End PBXShellScriptBuildPhase section */

/* Begin PBXSourcesBuildPhase section */
		75F632811CBF977E00CB8460 /* Sources */ = {
			isa = PBXSourcesBuildPhase;
			buildActionMask = 2147483647;
			files = (
				751A538A1CDB38F70074B592 /* PersonModel.m in Sources */,
				75B3EC161D34E282000809F0 /* NSArray+DBModel.m in Sources */,
				759DCAC41D3E14E2006B0562 /* QQFileHandler.m in Sources */,
				75D185101CEC03230037CD5F /* NSObject+Copying.m in Sources */,
				75F632901CBF977E00CB8460 /* ViewController.m in Sources */,
				7525D5281CE31DB9002F8153 /* NSObject+DBPropertys.m in Sources */,
				75728EC71CE5B93D006D60FF /* NSString+DBModel.m in Sources */,
				75744E611CE9C17700D76B91 /* NSObject+DBProtocol.m in Sources */,
				75F6328D1CBF977E00CB8460 /* AppDelegate.m in Sources */,
				75B3EC101D349240000809F0 /* BookModel.m in Sources */,
				754D40541CEB1F56005C7136 /* NSObject+DBSearch.m in Sources */,
				75F6328A1CBF977E00CB8460 /* main.m in Sources */,
				75F632961CBF977E00CB8460 /* QQDBManager.xcdatamodeld in Sources */,
				75744E621CE9C17700D76B91 /* DBDatabaseQueue.m in Sources */,
				751A538D1CDB3F730074B592 /* DogModel.m in Sources */,
				7525D5271CE31DB9002F8153 /* NSObject+DBClass.m in Sources */,
				75744E601CE9C17700D76B91 /* NSObject+DBInsert.m in Sources */,
				7525D52B1CE31DF2002F8153 /* DBProperty.m in Sources */,
				75744E5F1CE9C17700D76B91 /* NSObject+DBCreate.m in Sources */,
				75744E631CE9C17700D76B91 /* NSObject+DbObject.m in Sources */,
				751886C01D367A370029B2C7 /* NSObject+ModelToDictionary.m in Sources */,
				7525D5261CE31DB9002F8153 /* DBPropertyCache.m in Sources */,
				75744E4F1CE9752700D76B91 /* NSDate+DBModel.m in Sources */,
				751886B91D3633520029B2C7 /* NSObject+Coding.m in Sources */,
			);
			runOnlyForDeploymentPostprocessing = 0;
		};
		75F6329D1CBF977E00CB8460 /* Sources */ = {
			isa = PBXSourcesBuildPhase;
			buildActionMask = 2147483647;
			files = (
				75F632A61CBF977E00CB8460 /* QQDBManagerTests.m in Sources */,
				751886BD1D36529E0029B2C7 /* NSObject+DBCreate.m in Sources */,
			);
			runOnlyForDeploymentPostprocessing = 0;
		};
		75F632A81CBF977E00CB8460 /* Sources */ = {
			isa = PBXSourcesBuildPhase;
			buildActionMask = 2147483647;
			files = (
				75F632B11CBF977E00CB8460 /* QQDBManagerUITests.m in Sources */,
			);
			runOnlyForDeploymentPostprocessing = 0;
		};
/* End PBXSourcesBuildPhase section */

/* Begin PBXTargetDependency section */
		75F632A31CBF977E00CB8460 /* PBXTargetDependency */ = {
			isa = PBXTargetDependency;
			target = 75F632841CBF977E00CB8460 /* QQDBManager */;
			targetProxy = 75F632A21CBF977E00CB8460 /* PBXContainerItemProxy */;
		};
		75F632AE1CBF977E00CB8460 /* PBXTargetDependency */ = {
			isa = PBXTargetDependency;
			target = 75F632841CBF977E00CB8460 /* QQDBManager */;
			targetProxy = 75F632AD1CBF977E00CB8460 /* PBXContainerItemProxy */;
		};
/* End PBXTargetDependency section */

/* Begin PBXVariantGroup section */
		75F632911CBF977E00CB8460 /* Main.storyboard */ = {
			isa = PBXVariantGroup;
			children = (
				75F632921CBF977E00CB8460 /* Base */,
			);
			name = Main.storyboard;
			sourceTree = "<group>";
		};
		75F632991CBF977E00CB8460 /* LaunchScreen.storyboard */ = {
			isa = PBXVariantGroup;
			children = (
				75F6329A1CBF977E00CB8460 /* Base */,
			);
			name = LaunchScreen.storyboard;
			sourceTree = "<group>";
		};
/* End PBXVariantGroup section */

/* Begin XCBuildConfiguration section */
		75F632B31CBF977E00CB8460 /* Debug */ = {
			isa = XCBuildConfiguration;
			buildSettings = {
				ALWAYS_SEARCH_USER_PATHS = NO;
				CLANG_ANALYZER_NONNULL = YES;
				CLANG_CXX_LANGUAGE_STANDARD = "gnu++0x";
				CLANG_CXX_LIBRARY = "libc++";
				CLANG_ENABLE_MODULES = YES;
				CLANG_ENABLE_OBJC_ARC = YES;
				CLANG_WARN_BOOL_CONVERSION = YES;
				CLANG_WARN_CONSTANT_CONVERSION = YES;
				CLANG_WARN_DIRECT_OBJC_ISA_USAGE = YES_ERROR;
				CLANG_WARN_EMPTY_BODY = YES;
				CLANG_WARN_ENUM_CONVERSION = YES;
				CLANG_WARN_INT_CONVERSION = YES;
				CLANG_WARN_OBJC_ROOT_CLASS = YES_ERROR;
				CLANG_WARN_UNREACHABLE_CODE = YES;
				CLANG_WARN__DUPLICATE_METHOD_MATCH = YES;
				"CODE_SIGN_IDENTITY[sdk=iphoneos*]" = "iPhone Developer";
				COPY_PHASE_STRIP = NO;
				DEBUG_INFORMATION_FORMAT = dwarf;
				ENABLE_STRICT_OBJC_MSGSEND = YES;
				ENABLE_TESTABILITY = YES;
				GCC_C_LANGUAGE_STANDARD = gnu99;
				GCC_DYNAMIC_NO_PIC = NO;
				GCC_NO_COMMON_BLOCKS = YES;
				GCC_OPTIMIZATION_LEVEL = 0;
				GCC_PREPROCESSOR_DEFINITIONS = (
					"DEBUG=1",
					"$(inherited)",
				);
				GCC_WARN_64_TO_32_BIT_CONVERSION = YES;
				GCC_WARN_ABOUT_RETURN_TYPE = YES_ERROR;
				GCC_WARN_UNDECLARED_SELECTOR = YES;
				GCC_WARN_UNINITIALIZED_AUTOS = YES_AGGRESSIVE;
				GCC_WARN_UNUSED_FUNCTION = YES;
				GCC_WARN_UNUSED_VARIABLE = YES;
				IPHONEOS_DEPLOYMENT_TARGET = 9.3;
				MTL_ENABLE_DEBUG_INFO = YES;
				ONLY_ACTIVE_ARCH = YES;
				SDKROOT = iphoneos;
			};
			name = Debug;
		};
		75F632B41CBF977E00CB8460 /* Release */ = {
			isa = XCBuildConfiguration;
			buildSettings = {
				ALWAYS_SEARCH_USER_PATHS = NO;
				CLANG_ANALYZER_NONNULL = YES;
				CLANG_CXX_LANGUAGE_STANDARD = "gnu++0x";
				CLANG_CXX_LIBRARY = "libc++";
				CLANG_ENABLE_MODULES = YES;
				CLANG_ENABLE_OBJC_ARC = YES;
				CLANG_WARN_BOOL_CONVERSION = YES;
				CLANG_WARN_CONSTANT_CONVERSION = YES;
				CLANG_WARN_DIRECT_OBJC_ISA_USAGE = YES_ERROR;
				CLANG_WARN_EMPTY_BODY = YES;
				CLANG_WARN_ENUM_CONVERSION = YES;
				CLANG_WARN_INT_CONVERSION = YES;
				CLANG_WARN_OBJC_ROOT_CLASS = YES_ERROR;
				CLANG_WARN_UNREACHABLE_CODE = YES;
				CLANG_WARN__DUPLICATE_METHOD_MATCH = YES;
				"CODE_SIGN_IDENTITY[sdk=iphoneos*]" = "iPhone Developer";
				COPY_PHASE_STRIP = NO;
				DEBUG_INFORMATION_FORMAT = "dwarf-with-dsym";
				ENABLE_NS_ASSERTIONS = NO;
				ENABLE_STRICT_OBJC_MSGSEND = YES;
				GCC_C_LANGUAGE_STANDARD = gnu99;
				GCC_NO_COMMON_BLOCKS = YES;
				GCC_WARN_64_TO_32_BIT_CONVERSION = YES;
				GCC_WARN_ABOUT_RETURN_TYPE = YES_ERROR;
				GCC_WARN_UNDECLARED_SELECTOR = YES;
				GCC_WARN_UNINITIALIZED_AUTOS = YES_AGGRESSIVE;
				GCC_WARN_UNUSED_FUNCTION = YES;
				GCC_WARN_UNUSED_VARIABLE = YES;
				IPHONEOS_DEPLOYMENT_TARGET = 9.3;
				MTL_ENABLE_DEBUG_INFO = NO;
				SDKROOT = iphoneos;
				VALIDATE_PRODUCT = YES;
			};
			name = Release;
		};
		75F632B61CBF977E00CB8460 /* Debug */ = {
			isa = XCBuildConfiguration;
			baseConfigurationReference = A56078705E2D98AD7F2D2561 /* Pods-QQDBManager.debug.xcconfig */;
			buildSettings = {
				ASSETCATALOG_COMPILER_APPICON_NAME = AppIcon;
				INFOPLIST_FILE = QQDBManager/Info.plist;
				LD_RUNPATH_SEARCH_PATHS = "$(inherited) @executable_path/Frameworks";
				PRODUCT_BUNDLE_IDENTIFIER = com.tencent.QQDBManager;
				PRODUCT_NAME = "$(TARGET_NAME)";
			};
			name = Debug;
		};
		75F632B71CBF977E00CB8460 /* Release */ = {
			isa = XCBuildConfiguration;
			baseConfigurationReference = EDDE69C4D99DC32D1A14BD20 /* Pods-QQDBManager.release.xcconfig */;
			buildSettings = {
				ASSETCATALOG_COMPILER_APPICON_NAME = AppIcon;
				INFOPLIST_FILE = QQDBManager/Info.plist;
				LD_RUNPATH_SEARCH_PATHS = "$(inherited) @executable_path/Frameworks";
				PRODUCT_BUNDLE_IDENTIFIER = com.tencent.QQDBManager;
				PRODUCT_NAME = "$(TARGET_NAME)";
			};
			name = Release;
		};
		75F632B91CBF977E00CB8460 /* Debug */ = {
			isa = XCBuildConfiguration;
			buildSettings = {
				BUNDLE_LOADER = "$(TEST_HOST)";
				INFOPLIST_FILE = QQDBManagerTests/Info.plist;
				LD_RUNPATH_SEARCH_PATHS = "$(inherited) @executable_path/Frameworks @loader_path/Frameworks";
				PRODUCT_BUNDLE_IDENTIFIER = com.tencent.QQDBManagerTests;
				PRODUCT_NAME = "$(TARGET_NAME)";
				TEST_HOST = "$(BUILT_PRODUCTS_DIR)/QQDBManager.app/QQDBManager";
			};
			name = Debug;
		};
		75F632BA1CBF977E00CB8460 /* Release */ = {
			isa = XCBuildConfiguration;
			buildSettings = {
				BUNDLE_LOADER = "$(TEST_HOST)";
				INFOPLIST_FILE = QQDBManagerTests/Info.plist;
				LD_RUNPATH_SEARCH_PATHS = "$(inherited) @executable_path/Frameworks @loader_path/Frameworks";
				PRODUCT_BUNDLE_IDENTIFIER = com.tencent.QQDBManagerTests;
				PRODUCT_NAME = "$(TARGET_NAME)";
				TEST_HOST = "$(BUILT_PRODUCTS_DIR)/QQDBManager.app/QQDBManager";
			};
			name = Release;
		};
		75F632BC1CBF977E00CB8460 /* Debug */ = {
			isa = XCBuildConfiguration;
			buildSettings = {
				INFOPLIST_FILE = QQDBManagerUITests/Info.plist;
				LD_RUNPATH_SEARCH_PATHS = "$(inherited) @executable_path/Frameworks @loader_path/Frameworks";
				PRODUCT_BUNDLE_IDENTIFIER = com.tencent.QQDBManagerUITests;
				PRODUCT_NAME = "$(TARGET_NAME)";
				TEST_TARGET_NAME = QQDBManager;
			};
			name = Debug;
		};
		75F632BD1CBF977E00CB8460 /* Release */ = {
			isa = XCBuildConfiguration;
			buildSettings = {
				INFOPLIST_FILE = QQDBManagerUITests/Info.plist;
				LD_RUNPATH_SEARCH_PATHS = "$(inherited) @executable_path/Frameworks @loader_path/Frameworks";
				PRODUCT_BUNDLE_IDENTIFIER = com.tencent.QQDBManagerUITests;
				PRODUCT_NAME = "$(TARGET_NAME)";
				TEST_TARGET_NAME = QQDBManager;
			};
			name = Release;
		};
/* End XCBuildConfiguration section */

/* Begin XCConfigurationList section */
		75F632801CBF977E00CB8460 /* Build configuration list for PBXProject "QQDBManager" */ = {
			isa = XCConfigurationList;
			buildConfigurations = (
				75F632B31CBF977E00CB8460 /* Debug */,
				75F632B41CBF977E00CB8460 /* Release */,
			);
			defaultConfigurationIsVisible = 0;
			defaultConfigurationName = Release;
		};
		75F632B51CBF977E00CB8460 /* Build configuration list for PBXNativeTarget "QQDBManager" */ = {
			isa = XCConfigurationList;
			buildConfigurations = (
				75F632B61CBF977E00CB8460 /* Debug */,
				75F632B71CBF977E00CB8460 /* Release */,
			);
			defaultConfigurationIsVisible = 0;
			defaultConfigurationName = Release;
		};
		75F632B81CBF977E00CB8460 /* Build configuration list for PBXNativeTarget "QQDBManagerTests" */ = {
			isa = XCConfigurationList;
			buildConfigurations = (
				75F632B91CBF977E00CB8460 /* Debug */,
				75F632BA1CBF977E00CB8460 /* Release */,
			);
			defaultConfigurationIsVisible = 0;
			defaultConfigurationName = Release;
		};
		75F632BB1CBF977E00CB8460 /* Build configuration list for PBXNativeTarget "QQDBManagerUITests" */ = {
			isa = XCConfigurationList;
			buildConfigurations = (
				75F632BC1CBF977E00CB8460 /* Debug */,
				75F632BD1CBF977E00CB8460 /* Release */,
			);
			defaultConfigurationIsVisible = 0;
			defaultConfigurationName = Release;
		};
/* End XCConfigurationList section */

/* Begin XCVersionGroup section */
		75F632941CBF977E00CB8460 /* QQDBManager.xcdatamodeld */ = {
			isa = XCVersionGroup;
			children = (
				75F632951CBF977E00CB8460 /* QQDBManager.xcdatamodel */,
			);
			currentVersion = 75F632951CBF977E00CB8460 /* QQDBManager.xcdatamodel */;
			path = QQDBManager.xcdatamodeld;
			sourceTree = "<group>";
			versionGroupType = wrapper.xcdatamodel;
		};
/* End XCVersionGroup section */
	};
	rootObject = 75F6327D1CBF977E00CB8460 /* Project object */;
}
